Microsoft Visual Studio Solution File, Format Version 9.00
# Visual Studio 2005
Project("{F184B08F-C81C-45F6-A57F-5ABD9991F28F}") = "WindowsApplication133", "WindowsApplication133\WindowsApplication133.vbproj", "{A1D04B32-4A44-4021-9BF9-078A2209BF32}"
	ProjectSection(WebsiteProperties) = preProject
		Debug.AspNetCompiler.Debug = "True"
		Release.AspNetCompiler.Debug = "False"
	EndProjectSection
EndProject
Global
	GlobalSection(SolutionConfigurationPlatforms) = preSolution
		Debug|Any CPU = Debug|Any CPU
		Release|Any CPU = Release|Any CPU
	EndGlobalSection
	GlobalSection(ProjectConfigurationPlatforms) = postSolution
		{A1D04B32-4A44-4021-9BF9-078A2209BF32}.Debug|Any CPU.ActiveCfg = Debug|Any CPU
		{A1D04B32-4A44-4021-9BF9-078A2209BF32}.Debug|Any CPU.Build.0 = Debug|Any CPU
		{A1D04B32-4A44-4021-9BF9-078A2209BF32}.Release|Any CPU.ActiveCfg = Release|Any CPU
		{A1D04B32-4A44-4021-9BF9-078A2209BF32}.Release|Any CPU.Build.0 = Release|Any CPU
	EndGlobalSection
	GlobalSection(SolutionProperties) = preSolution
		HideSolutionNode = FALSE
	EndGlobalSection
EndGlobal
